{
  "version": 4,
  "terraform_version": "1.6.6",
  "serial": 219,
  "lineage": "675122dd-c0f9-6391-861a-1d1561177940",
  "outputs": {},
  "resources": [
    {
      "mode": "data",
      "type": "azurerm_client_config",
      "name": "current",
      "provider": "provider[\"registry.terraform.io/hashicorp/azurerm\"]",
      "instances": [
        {
          "schema_version": 0,
          "attributes": {
            "client_id": "04b07795-8ddb-461a-bbee-02f9e1bf7b46",
            "id": "Y2xpZW50Q29uZmlncy9jbGllbnRJZD0wNGIwNzc5NS04ZGRiLTQ2MWEtYmJlZS0wMmY5ZTFiZjdiNDY7b2JqZWN0SWQ9NTA1NmYxMDMtNjE2Yy00YjI2LTkxYzQtNmNlY2IxOGEwMDAyO3N1YnNjcmlwdGlvbklkPWU1OTMyMDY3LWNjZjAtNGEzNi04YWYxLTI2NjRiZmM3NDI1Mzt0ZW5hbnRJZD1hOGQzMzUzNy01YTk4LTQ1MTEtYTczNy0xZmJhZTM5M2YxZDU=",
            "object_id": "5056f103-616c-4b26-91c4-6cecb18a0002",
            "subscription_id": "e5932067-ccf0-4a36-8af1-2664bfc74253",
            "tenant_id": "a8d33537-5a98-4511-a737-1fbae393f1d5",
            "timeouts": null
          },
          "sensitive_attributes": []
        }
      ]
    },
    {
      "mode": "managed",
      "type": "azurerm_container_app",
      "name": "providermockapp",
      "provider": "provider[\"registry.terraform.io/hashicorp/azurerm\"]",
      "instances": [
        {
          "schema_version": 0,
          "attributes": {
            "container_app_environment_id": "/subscriptions/e5932067-ccf0-4a36-8af1-2664bfc74253/resourceGroups/providermock/providers/Microsoft.App/managedEnvironments/providermock-app-env",
            "custom_domain_verification_id": "4150E9E9991DAB067A4391AE7E7B4E927FA207F34FC69AE2D62BFDFD36541D40",
            "dapr": [],
            "id": "/subscriptions/e5932067-ccf0-4a36-8af1-2664bfc74253/resourceGroups/providermock/providers/Microsoft.App/containerApps/biproconverter",
            "identity": [],
            "ingress": [
              {
                "allow_insecure_connections": true,
                "custom_domain": [],
                "exposed_port": 0,
                "external_enabled": false,
                "fqdn": "biproconverter.internal.nicegrass-9d7c5624.germanywestcentral.azurecontainerapps.io",
                "target_port": 8080,
                "traffic_weight": [
                  {
                    "label": "",
                    "latest_revision": true,
                    "percentage": 100,
                    "revision_suffix": ""
                  }
                ],
                "transport": "auto"
              }
            ],
            "latest_revision_fqdn": "biproconverter--u879cfc.internal.nicegrass-9d7c5624.germanywestcentral.azurecontainerapps.io",
            "latest_revision_name": "biproconverter--u879cfc",
            "location": "germanywestcentral",
            "name": "biproconverter",
            "outbound_ip_addresses": [
              "98.67.249.88"
            ],
            "registry": [
              {
                "identity": "",
                "password_secret_name": "containerregistrybiproazurecriopass",
                "server": "containerregistrybipro.azurecr.io",
                "username": "containerRegistryBipro"
              }
            ],
            "resource_group_name": "providermock",
            "revision_mode": "Single",
            "secret": [
              {
                "name": "containerregistrybiproazurecriopass",
                "value": "rGSAi+YRomxytwts3bP9Xn2pC0e/AG1eZZG6HY6Su0+ACRAwEqo+"
              }
            ],
            "tags": {
              "created_by": "terraform",
              "environment": "dev",
              "owner": "kamil.buruk@bipro-service.gmbh"
            },
            "template": [
              {
                "azure_queue_scale_rule": [],
                "container": [
                  {
                    "args": [],
                    "command": [],
                    "cpu": 1,
                    "env": [],
                    "ephemeral_storage": "4Gi",
                    "image": "containerregistrybipro.azurecr.io/biproconnect-430-converter:1.9.51-26a87b8",
                    "liveness_probe": [],
                    "memory": "2Gi",
                    "name": "biproconnect-430-converter",
                    "readiness_probe": [],
                    "startup_probe": [],
                    "volume_mounts": []
                  }
                ],
                "custom_scale_rule": [],
                "http_scale_rule": [],
                "init_container": [],
                "max_replicas": 1,
                "min_replicas": 1,
                "revision_suffix": "",
                "tcp_scale_rule": [],
                "volume": []
              }
            ],
            "timeouts": null,
            "workload_profile_name": ""
          },
          "sensitive_attributes": [],
          "private": "eyJlMmJmYjczMC1lY2FhLTExZTYtOGY4OC0zNDM2M2JjN2M0YzAiOnsiY3JlYXRlIjoxODAwMDAwMDAwMDAwLCJkZWxldGUiOjE4MDAwMDAwMDAwMDAsInJlYWQiOjMwMDAwMDAwMDAwMCwidXBkYXRlIjoxODAwMDAwMDAwMDAwfX0=",
          "dependencies": [
            "azurerm_container_app_environment.providermock-app-env",
            "azurerm_log_analytics_workspace.providermock-la-ws",
            "azurerm_resource_group.providermock"
          ]
        }
      ]
    },
    {
      "mode": "managed",
      "type": "azurerm_container_app_environment",
      "name": "providermock-app-env",
      "provider": "provider[\"registry.terraform.io/hashicorp/azurerm\"]",
      "instances": [
        {
          "schema_version": 0,
          "attributes": {
            "dapr_application_insights_connection_string": "",
            "default_domain": "nicegrass-9d7c5624.germanywestcentral.azurecontainerapps.io",
            "docker_bridge_cidr": "",
            "id": "/subscriptions/e5932067-ccf0-4a36-8af1-2664bfc74253/resourceGroups/providermock/providers/Microsoft.App/managedEnvironments/providermock-app-env",
            "infrastructure_subnet_id": "",
            "internal_load_balancer_enabled": false,
            "location": "germanywestcentral",
            "log_analytics_workspace_id": "/subscriptions/e5932067-ccf0-4a36-8af1-2664bfc74253/resourceGroups/providermock/providers/Microsoft.OperationalInsights/workspaces/providermock-la-ws",
            "name": "providermock-app-env",
            "platform_reserved_cidr": "",
            "platform_reserved_dns_ip_address": "",
            "resource_group_name": "providermock",
            "static_ip_address": "98.67.250.59",
            "tags": {
              "created_by": "terraform",
              "environment": "dev",
              "owner": "kamil.buruk@bipro-service.gmbh"
            },
            "timeouts": null,
            "workload_profile": [],
            "zone_redundancy_enabled": false
          },
          "sensitive_attributes": [],
          "private": "eyJlMmJmYjczMC1lY2FhLTExZTYtOGY4OC0zNDM2M2JjN2M0YzAiOnsiY3JlYXRlIjoxODAwMDAwMDAwMDAwLCJkZWxldGUiOjE4MDAwMDAwMDAwMDAsInJlYWQiOjMwMDAwMDAwMDAwMCwidXBkYXRlIjoxODAwMDAwMDAwMDAwfX0=",
          "dependencies": [
            "azurerm_log_analytics_workspace.providermock-la-ws",
            "azurerm_resource_group.providermock"
          ]
        }
      ]
    },
    {
      "mode": "managed",
      "type": "azurerm_container_registry",
      "name": "acr",
      "provider": "provider[\"registry.terraform.io/hashicorp/azurerm\"]",
      "instances": [
        {
          "schema_version": 2,
          "attributes": {
            "admin_enabled": true,
            "admin_password": "rGSAi+YRomxytwts3bP9Xn2pC0e/AG1eZZG6HY6Su0+ACRAwEqo+",
            "admin_username": "containerRegistryBipro",
            "anonymous_pull_enabled": false,
            "data_endpoint_enabled": false,
            "encryption": [
              {
                "enabled": false,
                "identity_client_id": "",
                "key_vault_key_id": ""
              }
            ],
            "export_policy_enabled": true,
            "georeplications": [],
            "id": "/subscriptions/e5932067-ccf0-4a36-8af1-2664bfc74253/resourceGroups/providermock/providers/Microsoft.ContainerRegistry/registries/containerRegistryBipro",
            "identity": [],
            "location": "germanywestcentral",
            "login_server": "containerregistrybipro.azurecr.io",
            "name": "containerRegistryBipro",
            "network_rule_bypass_option": "AzureServices",
            "network_rule_set": [
              {
                "default_action": "Allow",
                "ip_rule": [],
                "virtual_network": []
              }
            ],
            "public_network_access_enabled": true,
            "quarantine_policy_enabled": false,
            "resource_group_name": "providermock",
            "retention_policy": [
              {
                "days": 7,
                "enabled": false
              }
            ],
            "sku": "Premium",
            "tags": {},
            "timeouts": null,
            "trust_policy": [
              {
                "enabled": false
              }
            ],
            "zone_redundancy_enabled": false
          },
          "sensitive_attributes": [],
          "private": "eyJlMmJmYjczMC1lY2FhLTExZTYtOGY4OC0zNDM2M2JjN2M0YzAiOnsiY3JlYXRlIjoxODAwMDAwMDAwMDAwLCJkZWxldGUiOjE4MDAwMDAwMDAwMDAsInJlYWQiOjMwMDAwMDAwMDAwMCwidXBkYXRlIjoxODAwMDAwMDAwMDAwfSwic2NoZW1hX3ZlcnNpb24iOiIyIn0=",
          "dependencies": [
            "azurerm_resource_group.providermock"
          ]
        }
      ]
    },
    {
      "mode": "managed",
      "type": "azurerm_log_analytics_workspace",
      "name": "providermock-la-ws",
      "provider": "provider[\"registry.terraform.io/hashicorp/azurerm\"]",
      "instances": [
        {
          "schema_version": 3,
          "attributes": {
            "allow_resource_only_permissions": true,
            "cmk_for_query_forced": false,
            "daily_quota_gb": -1,
            "data_collection_rule_id": "",
            "id": "/subscriptions/e5932067-ccf0-4a36-8af1-2664bfc74253/resourceGroups/providermock/providers/Microsoft.OperationalInsights/workspaces/providermock-la-ws",
            "identity": [],
            "immediate_data_purge_on_30_days_enabled": false,
            "internet_ingestion_enabled": true,
            "internet_query_enabled": true,
            "local_authentication_disabled": false,
            "location": "germanywestcentral",
            "name": "providermock-la-ws",
            "primary_shared_key": "R1Pv8Rk1dCyFKkLDwOhi9kdv4CzYrspXYs2JSrpq9Ufnm6NCrvqVDzw45yZF1qUi27hiijYC9T8o7svboHr5xg==",
            "reservation_capacity_in_gb_per_day": null,
            "resource_group_name": "providermock",
            "retention_in_days": 30,
            "secondary_shared_key": "3t0YMSW2+XW8g69VzjsVmV6UJNTkpskcZuMNa/LAvfemP4LwZvRiAhqZfPvFdMXLwWohlT/qCvIfGPjJHrolbg==",
            "sku": "PerGB2018",
            "tags": {
              "created_by": "terraform",
              "environment": "dev",
              "owner": "kamil.buruk@bipro-service.gmbh"
            },
            "timeouts": null,
            "workspace_id": "954a6998-475f-4088-b8a1-5dc5ec88abeb"
          },
          "sensitive_attributes": [],
          "private": "eyJlMmJmYjczMC1lY2FhLTExZTYtOGY4OC0zNDM2M2JjN2M0YzAiOnsiY3JlYXRlIjoxODAwMDAwMDAwMDAwLCJkZWxldGUiOjE4MDAwMDAwMDAwMDAsInJlYWQiOjMwMDAwMDAwMDAwMCwidXBkYXRlIjoxODAwMDAwMDAwMDAwfSwic2NoZW1hX3ZlcnNpb24iOiIzIn0=",
          "dependencies": [
            "azurerm_resource_group.providermock"
          ]
        }
      ]
    },
    {
      "mode": "managed",
      "type": "azurerm_resource_group",
      "name": "providermock",
      "provider": "provider[\"registry.terraform.io/hashicorp/azurerm\"]",
      "instances": [
        {
          "schema_version": 0,
          "attributes": {
            "id": "/subscriptions/e5932067-ccf0-4a36-8af1-2664bfc74253/resourceGroups/providermock",
            "location": "germanywestcentral",
            "managed_by": "",
            "name": "providermock",
            "tags": {
              "created_by": "terraform",
              "environment": "dev",
              "owner": "kamil.buruk@bipro-service.gmbh"
            },
            "timeouts": null
          },
          "sensitive_attributes": [],
          "private": "eyJlMmJmYjczMC1lY2FhLTExZTYtOGY4OC0zNDM2M2JjN2M0YzAiOnsiY3JlYXRlIjo1NDAwMDAwMDAwMDAwLCJkZWxldGUiOjU0MDAwMDAwMDAwMDAsInJlYWQiOjMwMDAwMDAwMDAwMCwidXBkYXRlIjo1NDAwMDAwMDAwMDAwfX0="
        }
      ]
    },
    {
      "mode": "managed",
      "type": "azurerm_resource_provider_registration",
      "name": "providerMicrosoftApp",
      "provider": "provider[\"registry.terraform.io/hashicorp/azurerm\"]",
      "instances": [
        {
          "schema_version": 0,
          "attributes": {
            "feature": [],
            "id": "/subscriptions/e5932067-ccf0-4a36-8af1-2664bfc74253/providers/Microsoft.App",
            "name": "Microsoft.App",
            "timeouts": null
          },
          "sensitive_attributes": [],
          "private": "eyJlMmJmYjczMC1lY2FhLTExZTYtOGY4OC0zNDM2M2JjN2M0YzAiOnsiY3JlYXRlIjo3MjAwMDAwMDAwMDAwLCJkZWxldGUiOjE4MDAwMDAwMDAwMDAsInJlYWQiOjMwMDAwMDAwMDAwMCwidXBkYXRlIjo3MjAwMDAwMDAwMDAwfX0="
        }
      ]
    },
    {
      "mode": "managed",
      "type": "azurerm_resource_provider_registration",
      "name": "providerMicrosoftContainerRegistry",
      "provider": "provider[\"registry.terraform.io/hashicorp/azurerm\"]",
      "instances": [
        {
          "schema_version": 0,
          "attributes": {
            "feature": [],
            "id": "/subscriptions/e5932067-ccf0-4a36-8af1-2664bfc74253/providers/Microsoft.ContainerRegistry",
            "name": "Microsoft.ContainerRegistry",
            "timeouts": null
          },
          "sensitive_attributes": [],
          "private": "eyJlMmJmYjczMC1lY2FhLTExZTYtOGY4OC0zNDM2M2JjN2M0YzAiOnsiY3JlYXRlIjo3MjAwMDAwMDAwMDAwLCJkZWxldGUiOjE4MDAwMDAwMDAwMDAsInJlYWQiOjMwMDAwMDAwMDAwMCwidXBkYXRlIjo3MjAwMDAwMDAwMDAwfX0="
        }
      ]
    },
    {
      "mode": "managed",
      "type": "azurerm_resource_provider_registration",
      "name": "providerMicrosoftKeyVault",
      "provider": "provider[\"registry.terraform.io/hashicorp/azurerm\"]",
      "instances": [
        {
          "schema_version": 0,
          "attributes": {
            "feature": [],
            "id": "/subscriptions/e5932067-ccf0-4a36-8af1-2664bfc74253/providers/Microsoft.KeyVault",
            "name": "Microsoft.KeyVault",
            "timeouts": null
          },
          "sensitive_attributes": [],
          "private": "eyJlMmJmYjczMC1lY2FhLTExZTYtOGY4OC0zNDM2M2JjN2M0YzAiOnsiY3JlYXRlIjo3MjAwMDAwMDAwMDAwLCJkZWxldGUiOjE4MDAwMDAwMDAwMDAsInJlYWQiOjMwMDAwMDAwMDAwMCwidXBkYXRlIjo3MjAwMDAwMDAwMDAwfX0="
        }
      ]
    },
    {
      "mode": "managed",
      "type": "azurerm_resource_provider_registration",
      "name": "providerMicrosoftOperationalInsights",
      "provider": "provider[\"registry.terraform.io/hashicorp/azurerm\"]",
      "instances": [
        {
          "schema_version": 0,
          "attributes": {
            "feature": [],
            "id": "/subscriptions/e5932067-ccf0-4a36-8af1-2664bfc74253/providers/Microsoft.OperationalInsights",
            "name": "Microsoft.OperationalInsights",
            "timeouts": null
          },
          "sensitive_attributes": [],
          "private": "eyJlMmJmYjczMC1lY2FhLTExZTYtOGY4OC0zNDM2M2JjN2M0YzAiOnsiY3JlYXRlIjo3MjAwMDAwMDAwMDAwLCJkZWxldGUiOjE4MDAwMDAwMDAwMDAsInJlYWQiOjMwMDAwMDAwMDAwMCwidXBkYXRlIjo3MjAwMDAwMDAwMDAwfX0="
        }
      ]
    },
    {
      "mode": "managed",
      "type": "azurerm_resource_provider_registration",
      "name": "providerMicrosoftStorage",
      "provider": "provider[\"registry.terraform.io/hashicorp/azurerm\"]",
      "instances": [
        {
          "schema_version": 0,
          "attributes": {
            "feature": [],
            "id": "/subscriptions/e5932067-ccf0-4a36-8af1-2664bfc74253/providers/Microsoft.Storage",
            "name": "Microsoft.Storage",
            "timeouts": null
          },
          "sensitive_attributes": [],
          "private": "eyJlMmJmYjczMC1lY2FhLTExZTYtOGY4OC0zNDM2M2JjN2M0YzAiOnsiY3JlYXRlIjo3MjAwMDAwMDAwMDAwLCJkZWxldGUiOjE4MDAwMDAwMDAwMDAsInJlYWQiOjMwMDAwMDAwMDAwMCwidXBkYXRlIjo3MjAwMDAwMDAwMDAwfX0="
        }
      ]
    },
    {
      "mode": "managed",
      "type": "azurerm_role_assignment",
      "name": "acr",
      "provider": "provider[\"registry.terraform.io/hashicorp/azurerm\"]",
      "instances": [
        {
          "schema_version": 0,
          "attributes": {
            "condition": "",
            "condition_version": "",
            "delegated_managed_identity_resource_id": "",
            "description": "",
            "id": "/subscriptions/e5932067-ccf0-4a36-8af1-2664bfc74253/resourceGroups/providermock/providers/Microsoft.ContainerRegistry/registries/containerRegistryBipro/providers/Microsoft.Authorization/roleAssignments/87697f67-331c-e146-faa0-5a4d189e2c0c",
            "name": "87697f67-331c-e146-faa0-5a4d189e2c0c",
            "principal_id": "5056f103-616c-4b26-91c4-6cecb18a0002",
            "principal_type": "User",
            "role_definition_id": "/subscriptions/e5932067-ccf0-4a36-8af1-2664bfc74253/providers/Microsoft.Authorization/roleDefinitions/b24988ac-6180-42a0-ab88-20f7382dd24c",
            "role_definition_name": "Contributor",
            "scope": "/subscriptions/e5932067-ccf0-4a36-8af1-2664bfc74253/resourceGroups/providermock/providers/Microsoft.ContainerRegistry/registries/containerRegistryBipro",
            "skip_service_principal_aad_check": null,
            "timeouts": null
          },
          "sensitive_attributes": [],
          "private": "eyJlMmJmYjczMC1lY2FhLTExZTYtOGY4OC0zNDM2M2JjN2M0YzAiOnsiY3JlYXRlIjoxODAwMDAwMDAwMDAwLCJkZWxldGUiOjE4MDAwMDAwMDAwMDAsInJlYWQiOjMwMDAwMDAwMDAwMH19",
          "dependencies": [
            "azurerm_container_registry.acr",
            "azurerm_resource_group.providermock"
          ]
        }
      ]
    },
    {
      "mode": "managed",
      "type": "azurerm_storage_account",
      "name": "providermock",
      "provider": "provider[\"registry.terraform.io/hashicorp/azurerm\"]",
      "instances": [
        {
          "schema_version": 4,
          "attributes": {
            "access_tier": "Hot",
            "account_kind": "StorageV2",
            "account_replication_type": "LRS",
            "account_tier": "Standard",
            "allow_nested_items_to_be_public": true,
            "allowed_copy_scope": "",
            "azure_files_authentication": [],
            "blob_properties": [
              {
                "change_feed_enabled": false,
                "change_feed_retention_in_days": 0,
                "container_delete_retention_policy": [],
                "cors_rule": [],
                "default_service_version": "",
                "delete_retention_policy": [],
                "last_access_time_enabled": false,
                "restore_policy": [],
                "versioning_enabled": false
              }
            ],
            "cross_tenant_replication_enabled": true,
            "custom_domain": [],
            "customer_managed_key": [],
            "default_to_oauth_authentication": false,
            "edge_zone": "",
            "enable_https_traffic_only": true,
            "id": "/subscriptions/e5932067-ccf0-4a36-8af1-2664bfc74253/resourceGroups/providermock/providers/Microsoft.Storage/storageAccounts/biproprovidermockstorage",
            "identity": [],
            "immutability_policy": [],
            "infrastructure_encryption_enabled": false,
            "is_hns_enabled": false,
            "large_file_share_enabled": null,
            "location": "germanywestcentral",
            "min_tls_version": "TLS1_2",
            "name": "biproprovidermockstorage",
            "network_rules": [
              {
                "bypass": [
                  "AzureServices"
                ],
                "default_action": "Allow",
                "ip_rules": [],
                "private_link_access": [],
                "virtual_network_subnet_ids": []
              }
            ],
            "nfsv3_enabled": false,
            "primary_access_key": "N1l6ryJfihhHRwWSyCAsd7MCti5E33UBkG/5w7jRgaSZtMJzSUjv2DyvsflZUk9PLL81r2qXXVMD+ASt83wbSA==",
            "primary_blob_connection_string": "DefaultEndpointsProtocol=https;BlobEndpoint=https://biproprovidermockstorage.blob.core.windows.net/;AccountName=biproprovidermockstorage;AccountKey=N1l6ryJfihhHRwWSyCAsd7MCti5E33UBkG/5w7jRgaSZtMJzSUjv2DyvsflZUk9PLL81r2qXXVMD+ASt83wbSA==",
            "primary_blob_endpoint": "https://biproprovidermockstorage.blob.core.windows.net/",
            "primary_blob_host": "biproprovidermockstorage.blob.core.windows.net",
            "primary_blob_internet_endpoint": null,
            "primary_blob_internet_host": null,
            "primary_blob_microsoft_endpoint": null,
            "primary_blob_microsoft_host": null,
            "primary_connection_string": "DefaultEndpointsProtocol=https;AccountName=biproprovidermockstorage;AccountKey=N1l6ryJfihhHRwWSyCAsd7MCti5E33UBkG/5w7jRgaSZtMJzSUjv2DyvsflZUk9PLL81r2qXXVMD+ASt83wbSA==;EndpointSuffix=core.windows.net",
            "primary_dfs_endpoint": "https://biproprovidermockstorage.dfs.core.windows.net/",
            "primary_dfs_host": "biproprovidermockstorage.dfs.core.windows.net",
            "primary_dfs_internet_endpoint": null,
            "primary_dfs_internet_host": null,
            "primary_dfs_microsoft_endpoint": null,
            "primary_dfs_microsoft_host": null,
            "primary_file_endpoint": "https://biproprovidermockstorage.file.core.windows.net/",
            "primary_file_host": "biproprovidermockstorage.file.core.windows.net",
            "primary_file_internet_endpoint": null,
            "primary_file_internet_host": null,
            "primary_file_microsoft_endpoint": null,
            "primary_file_microsoft_host": null,
            "primary_location": "germanywestcentral",
            "primary_queue_endpoint": "https://biproprovidermockstorage.queue.core.windows.net/",
            "primary_queue_host": "biproprovidermockstorage.queue.core.windows.net",
            "primary_queue_microsoft_endpoint": null,
            "primary_queue_microsoft_host": null,
            "primary_table_endpoint": "https://biproprovidermockstorage.table.core.windows.net/",
            "primary_table_host": "biproprovidermockstorage.table.core.windows.net",
            "primary_table_microsoft_endpoint": null,
            "primary_table_microsoft_host": null,
            "primary_web_endpoint": "https://biproprovidermockstorage.z1.web.core.windows.net/",
            "primary_web_host": "biproprovidermockstorage.z1.web.core.windows.net",
            "primary_web_internet_endpoint": null,
            "primary_web_internet_host": null,
            "primary_web_microsoft_endpoint": null,
            "primary_web_microsoft_host": null,
            "public_network_access_enabled": true,
            "queue_encryption_key_type": "Service",
            "queue_properties": [
              {
                "cors_rule": [],
                "hour_metrics": [
                  {
                    "enabled": true,
                    "include_apis": true,
                    "retention_policy_days": 7,
                    "version": "1.0"
                  }
                ],
                "logging": [
                  {
                    "delete": false,
                    "read": false,
                    "retention_policy_days": 0,
                    "version": "1.0",
                    "write": false
                  }
                ],
                "minute_metrics": [
                  {
                    "enabled": false,
                    "include_apis": false,
                    "retention_policy_days": 0,
                    "version": "1.0"
                  }
                ]
              }
            ],
            "resource_group_name": "providermock",
            "routing": [],
            "sas_policy": [],
            "secondary_access_key": "dxcIlf+9veTk7+2mu9lRISnN3nuGfHXZCOLIGtoW2sTe7Ohm0WWvfg6I1A6Sz3GqE3dTbBYXIvb++AStswdu/A==",
            "secondary_blob_connection_string": "",
            "secondary_blob_endpoint": null,
            "secondary_blob_host": null,
            "secondary_blob_internet_endpoint": null,
            "secondary_blob_internet_host": null,
            "secondary_blob_microsoft_endpoint": null,
            "secondary_blob_microsoft_host": null,
            "secondary_connection_string": "DefaultEndpointsProtocol=https;AccountName=biproprovidermockstorage;AccountKey=dxcIlf+9veTk7+2mu9lRISnN3nuGfHXZCOLIGtoW2sTe7Ohm0WWvfg6I1A6Sz3GqE3dTbBYXIvb++AStswdu/A==;EndpointSuffix=core.windows.net",
            "secondary_dfs_endpoint": null,
            "secondary_dfs_host": null,
            "secondary_dfs_internet_endpoint": null,
            "secondary_dfs_internet_host": null,
            "secondary_dfs_microsoft_endpoint": null,
            "secondary_dfs_microsoft_host": null,
            "secondary_file_endpoint": null,
            "secondary_file_host": null,
            "secondary_file_internet_endpoint": null,
            "secondary_file_internet_host": null,
            "secondary_file_microsoft_endpoint": null,
            "secondary_file_microsoft_host": null,
            "secondary_location": "",
            "secondary_queue_endpoint": null,
            "secondary_queue_host": null,
            "secondary_queue_microsoft_endpoint": null,
            "secondary_queue_microsoft_host": null,
            "secondary_table_endpoint": null,
            "secondary_table_host": null,
            "secondary_table_microsoft_endpoint": null,
            "secondary_table_microsoft_host": null,
            "secondary_web_endpoint": null,
            "secondary_web_host": null,
            "secondary_web_internet_endpoint": null,
            "secondary_web_internet_host": null,
            "secondary_web_microsoft_endpoint": null,
            "secondary_web_microsoft_host": null,
            "sftp_enabled": false,
            "share_properties": [
              {
                "cors_rule": [],
                "retention_policy": [
                  {
                    "days": 7
                  }
                ],
                "smb": []
              }
            ],
            "shared_access_key_enabled": true,
            "static_website": [],
            "table_encryption_key_type": "Service",
            "tags": {
              "created_by": "terraform",
              "environment": "dev",
              "owner": "kamil.buruk@bipro-service.gmbh"
            },
            "timeouts": null
          },
          "sensitive_attributes": [],
          "private": "eyJlMmJmYjczMC1lY2FhLTExZTYtOGY4OC0zNDM2M2JjN2M0YzAiOnsiY3JlYXRlIjozNjAwMDAwMDAwMDAwLCJkZWxldGUiOjM2MDAwMDAwMDAwMDAsInJlYWQiOjMwMDAwMDAwMDAwMCwidXBkYXRlIjozNjAwMDAwMDAwMDAwfSwic2NoZW1hX3ZlcnNpb24iOiI0In0=",
          "dependencies": [
            "azurerm_resource_group.providermock"
          ]
        }
      ]
    }
  ],
  "check_results": null
}
